
Microsoft Visual Studio Solution File, Format Version 12.00
# Visual Studio 14
VisualStudioVersion = 14.0.25420.1
MinimumVisualStudioVersion = 10.0.40219.1
Project("{FAE04EC0-301F-11D3-BF4B-00C04F79EFBC}") = "Helper", "Helper\Helper.csproj", "{05BBD45A-CB16-4A33-B8D8-921E9FB61E80}"
EndProject
Project("{FAE04EC0-301F-11D3-BF4B-00C04F79EFBC}") = "DagFan1", "DagFan1\DagFan1.csproj", "{65AEB257-4E67-4E5E-A00D-9022F5D2EE11}"
EndProject
Project("{FAE04EC0-301F-11D3-BF4B-00C04F79EFBC}") = "DagFan2", "DagFan2\DagFan2.csproj", "{8BFFE9F6-4FC9-4014-BD21-129BAF77080D}"
EndProject
Project("{FAE04EC0-301F-11D3-BF4B-00C04F79EFBC}") = "DagFan3", "DagFan3\DagFan3.csproj", "{46005ADD-3554-498A-8965-EF960C09C53A}"
EndProject
Project("{FAE04EC0-301F-11D3-BF4B-00C04F79EFBC}") = "DagFan4", "DagFan4\DagFan4.csproj", "{7CDFA17B-63F5-44EC-9BCC-5EC63054B63D}"
EndProject
Project("{FAE04EC0-301F-11D3-BF4B-00C04F79EFBC}") = "DagFan5", "DagFan5\DagFan5.csproj", "{50411D22-5D91-4B1C-957D-14136AC7ABBD}"
EndProject
Project("{FAE04EC0-301F-11D3-BF4B-00C04F79EFBC}") = "DagFan6", "DagFan6\DagFan6.csproj", "{59310EAB-8A27-46E5-8CA5-20B0496EF615}"
EndProject
Project("{FAE04EC0-301F-11D3-BF4B-00C04F79EFBC}") = "DagFan7", "DagFan7\DagFan7.csproj", "{C3AE26FC-E4EE-4A87-9678-31D511440031}"
EndProject
Project("{FAE04EC0-301F-11D3-BF4B-00C04F79EFBC}") = "DagFan7OchEnHalv", "DagFan7OchEnHalv\DagFan7OchEnHalv.csproj", "{EDE940C0-DE98-4DF0-96A4-5FB5968C1538}"
EndProject
Global
	GlobalSection(SolutionConfigurationPlatforms) = preSolution
		Debug|Any CPU = Debug|Any CPU
		Release|Any CPU = Release|Any CPU
	EndGlobalSection
	GlobalSection(ProjectConfigurationPlatforms) = postSolution
		{05BBD45A-CB16-4A33-B8D8-921E9FB61E80}.Debug|Any CPU.ActiveCfg = Debug|Any CPU
		{05BBD45A-CB16-4A33-B8D8-921E9FB61E80}.Debug|Any CPU.Build.0 = Debug|Any CPU
		{05BBD45A-CB16-4A33-B8D8-921E9FB61E80}.Release|Any CPU.ActiveCfg = Release|Any CPU
		{05BBD45A-CB16-4A33-B8D8-921E9FB61E80}.Release|Any CPU.Build.0 = Release|Any CPU
		{65AEB257-4E67-4E5E-A00D-9022F5D2EE11}.Debug|Any CPU.ActiveCfg = Debug|Any CPU
		{65AEB257-4E67-4E5E-A00D-9022F5D2EE11}.Debug|Any CPU.Build.0 = Debug|Any CPU
		{65AEB257-4E67-4E5E-A00D-9022F5D2EE11}.Release|Any CPU.ActiveCfg = Release|Any CPU
		{65AEB257-4E67-4E5E-A00D-9022F5D2EE11}.Release|Any CPU.Build.0 = Release|Any CPU
		{8BFFE9F6-4FC9-4014-BD21-129BAF77080D}.Debug|Any CPU.ActiveCfg = Debug|Any CPU
		{8BFFE9F6-4FC9-4014-BD21-129BAF77080D}.Debug|Any CPU.Build.0 = Debug|Any CPU
		{8BFFE9F6-4FC9-4014-BD21-129BAF77080D}.Release|Any CPU.ActiveCfg = Release|Any CPU
		{8BFFE9F6-4FC9-4014-BD21-129BAF77080D}.Release|Any CPU.Build.0 = Release|Any CPU
		{46005ADD-3554-498A-8965-EF960C09C53A}.Debug|Any CPU.ActiveCfg = Debug|Any CPU
		{46005ADD-3554-498A-8965-EF960C09C53A}.Debug|Any CPU.Build.0 = Debug|Any CPU
		{46005ADD-3554-498A-8965-EF960C09C53A}.Release|Any CPU.ActiveCfg = Release|Any CPU
		{46005ADD-3554-498A-8965-EF960C09C53A}.Release|Any CPU.Build.0 = Release|Any CPU
		{7CDFA17B-63F5-44EC-9BCC-5EC63054B63D}.Debug|Any CPU.ActiveCfg = Debug|Any CPU
		{7CDFA17B-63F5-44EC-9BCC-5EC63054B63D}.Debug|Any CPU.Build.0 = Debug|Any CPU
		{7CDFA17B-63F5-44EC-9BCC-5EC63054B63D}.Release|Any CPU.ActiveCfg = Release|Any CPU
		{7CDFA17B-63F5-44EC-9BCC-5EC63054B63D}.Release|Any CPU.Build.0 = Release|Any CPU
		{50411D22-5D91-4B1C-957D-14136AC7ABBD}.Debug|Any CPU.ActiveCfg = Debug|Any CPU
		{50411D22-5D91-4B1C-957D-14136AC7ABBD}.Debug|Any CPU.Build.0 = Debug|Any CPU
		{50411D22-5D91-4B1C-957D-14136AC7ABBD}.Release|Any CPU.ActiveCfg = Release|Any CPU
		{50411D22-5D91-4B1C-957D-14136AC7ABBD}.Release|Any CPU.Build.0 = Release|Any CPU
		{59310EAB-8A27-46E5-8CA5-20B0496EF615}.Debug|Any CPU.ActiveCfg = Debug|Any CPU
		{59310EAB-8A27-46E5-8CA5-20B0496EF615}.Debug|Any CPU.Build.0 = Debug|Any CPU
		{59310EAB-8A27-46E5-8CA5-20B0496EF615}.Release|Any CPU.ActiveCfg = Release|Any CPU
		{59310EAB-8A27-46E5-8CA5-20B0496EF615}.Release|Any CPU.Build.0 = Release|Any CPU
		{C3AE26FC-E4EE-4A87-9678-31D511440031}.Debug|Any CPU.ActiveCfg = Debug|Any CPU
		{C3AE26FC-E4EE-4A87-9678-31D511440031}.Debug|Any CPU.Build.0 = Debug|Any CPU
		{C3AE26FC-E4EE-4A87-9678-31D511440031}.Release|Any CPU.ActiveCfg = Release|Any CPU
		{C3AE26FC-E4EE-4A87-9678-31D511440031}.Release|Any CPU.Build.0 = Release|Any CPU
		{EDE940C0-DE98-4DF0-96A4-5FB5968C1538}.Debug|Any CPU.ActiveCfg = Debug|Any CPU
		{EDE940C0-DE98-4DF0-96A4-5FB5968C1538}.Debug|Any CPU.Build.0 = Debug|Any CPU
		{EDE940C0-DE98-4DF0-96A4-5FB5968C1538}.Release|Any CPU.ActiveCfg = Release|Any CPU
		{EDE940C0-DE98-4DF0-96A4-5FB5968C1538}.Release|Any CPU.Build.0 = Release|Any CPU
	EndGlobalSection
	GlobalSection(SolutionProperties) = preSolution
		HideSolutionNode = FALSE
	EndGlobalSection
EndGlobal
